// !$*UTF8*$!
{
	archiveVersion = 1;
	classes = {
	};
	objectVersion = 46;
	objects = {

/* Begin PBXBuildFile section */
		C90BBF511DE7D560001F85D7 /* MNISTDeepCNN.mm in Sources */ = {isa = PBXBuildFile; fileRef = C90BBF501DE7D560001F85D7 /* MNISTDeepCNN.mm */; };
		C90BBF561DE7D561001F85D7 /* Assets.xcassets in Resources */ = {isa = PBXBuildFile; fileRef = C90BBF551DE7D561001F85D7 /* Assets.xcassets */; };
		C90BBF591DE7D561001F85D7 /* LaunchScreen.storyboard in Resources */ = {isa = PBXBuildFile; fileRef = C90BBF571DE7D561001F85D7 /* LaunchScreen.storyboard */; };
		C90BBF621DE7D62A001F85D7 /* Accelerate.framework in Frameworks */ = {isa = PBXBuildFile; fileRef = C90BBF611DE7D62A001F85D7 /* Accelerate.framework */; };
		C923C91D1E03AACF009D4BA8 /* final.pb in Resources */ = {isa = PBXBuildFile; fileRef = C923C91C1E03AACF009D4BA8 /* final.pb */; };
		C94DE2B91DF4F86400D0E15F /* AppDelegate.swift in Sources */ = {isa = PBXBuildFile; fileRef = C94DE2B51DF4F86400D0E15F /* AppDelegate.swift */; };
		C94DE2BA1DF4F86500D0E15F /* DrawView.swift in Sources */ = {isa = PBXBuildFile; fileRef = C94DE2B61DF4F86400D0E15F /* DrawView.swift */; };
		C94DE2BB1DF4F86500D0E15F /* MetalCNNBasicViewController.swift in Sources */ = {isa = PBXBuildFile; fileRef = C94DE2B71DF4F86400D0E15F /* MetalCNNBasicViewController.swift */; };
		C94DE2BC1DF4F86500D0E15F /* UIViewController+alert.swift in Sources */ = {isa = PBXBuildFile; fileRef = C94DE2B81DF4F86400D0E15F /* UIViewController+alert.swift */; };
		C94DE2BF1DF4F88600D0E15F /* MetalCNNBasic.storyboard in Resources */ = {isa = PBXBuildFile; fileRef = C94DE2BD1DF4F88600D0E15F /* MetalCNNBasic.storyboard */; };
/* End PBXBuildFile section */

/* Begin PBXFileReference section */
		C90BBF461DE7D560001F85D7 /* mnist_TensorFlow.app */ = {isa = PBXFileReference; explicitFileType = wrapper.application; includeInIndex = 0; path = mnist_TensorFlow.app; sourceTree = BUILT_PRODUCTS_DIR; };
		C90BBF4F1DE7D560001F85D7 /* MNISTDeepCNN.h */ = {isa = PBXFileReference; lastKnownFileType = sourcecode.c.h; path = MNISTDeepCNN.h; sourceTree = "<group>"; };
		C90BBF501DE7D560001F85D7 /* MNISTDeepCNN.mm */ = {isa = PBXFileReference; lastKnownFileType = sourcecode.cpp.objcpp; path = MNISTDeepCNN.mm; sourceTree = "<group>"; };
		C90BBF551DE7D561001F85D7 /* Assets.xcassets */ = {isa = PBXFileReference; lastKnownFileType = folder.assetcatalog; path = Assets.xcassets; sourceTree = "<group>"; };
		C90BBF581DE7D561001F85D7 /* Base */ = {isa = PBXFileReference; lastKnownFileType = file.storyboard; name = Base; path = Base.lproj/LaunchScreen.storyboard; sourceTree = "<group>"; };
		C90BBF5A1DE7D561001F85D7 /* Info.plist */ = {isa = PBXFileReference; lastKnownFileType = text.plist.xml; path = Info.plist; sourceTree = "<group>"; };
		C90BBF611DE7D62A001F85D7 /* Accelerate.framework */ = {isa = PBXFileReference; lastKnownFileType = wrapper.framework; name = Accelerate.framework; path = System/Library/Frameworks/Accelerate.framework; sourceTree = SDKROOT; };
		C923C91C1E03AACF009D4BA8 /* final.pb */ = {isa = PBXFileReference; lastKnownFileType = file; path = final.pb; sourceTree = "<group>"; };
		C94DE2B51DF4F86400D0E15F /* AppDelegate.swift */ = {isa = PBXFileReference; fileEncoding = 4; lastKnownFileType = sourcecode.swift; path = AppDelegate.swift; sourceTree = "<group>"; };
		C94DE2B61DF4F86400D0E15F /* DrawView.swift */ = {isa = PBXFileReference; fileEncoding = 4; lastKnownFileType = sourcecode.swift; path = DrawView.swift; sourceTree = "<group>"; };
		C94DE2B71DF4F86400D0E15F /* MetalCNNBasicViewController.swift */ = {isa = PBXFileReference; fileEncoding = 4; lastKnownFileType = sourcecode.swift; path = MetalCNNBasicViewController.swift; sourceTree = "<group>"; };
		C94DE2B81DF4F86400D0E15F /* UIViewController+alert.swift */ = {isa = PBXFileReference; fileEncoding = 4; lastKnownFileType = sourcecode.swift; path = "UIViewController+alert.swift"; sourceTree = "<group>"; };
		C94DE2BE1DF4F88600D0E15F /* Base */ = {isa = PBXFileReference; lastKnownFileType = file.storyboard; name = Base; path = Base.lproj/MetalCNNBasic.storyboard; sourceTree = "<group>"; };
		C94DE2C01DF4FC7000D0E15F /* mnist_TensorFlow-Bridging-Header.h */ = {isa = PBXFileReference; fileEncoding = 4; lastKnownFileType = sourcecode.c.h; path = "mnist_TensorFlow-Bridging-Header.h"; sourceTree = SOURCE_ROOT; };
/* End PBXFileReference section */

/* Begin PBXFrameworksBuildPhase section */
		C90BBF431DE7D560001F85D7 /* Frameworks */ = {
			isa = PBXFrameworksBuildPhase;
			buildActionMask = 2147483647;
			files = (
				C90BBF621DE7D62A001F85D7 /* Accelerate.framework in Frameworks */,
			);
			runOnlyForDeploymentPostprocessing = 0;
		};
/* End PBXFrameworksBuildPhase section */

/* Begin PBXGroup section */
		C90BBF3D1DE7D560001F85D7 = {
			isa = PBXGroup;
			children = (
				C90BBF481DE7D560001F85D7 /* mnist_TensorFlow */,
				C90BBF471DE7D560001F85D7 /* Products */,
				C90BBF601DE7D62A001F85D7 /* Frameworks */,
			);
			sourceTree = "<group>";
		};
		C90BBF471DE7D560001F85D7 /* Products */ = {
			isa = PBXGroup;
			children = (
				C90BBF461DE7D560001F85D7 /* mnist_TensorFlow.app */,
			);
			name = Products;
			sourceTree = "<group>";
		};
		C90BBF481DE7D560001F85D7 /* mnist_TensorFlow */ = {
			isa = PBXGroup;
			children = (
				C923C91C1E03AACF009D4BA8 /* final.pb */,
				C94DE2B51DF4F86400D0E15F /* AppDelegate.swift */,
				C94DE2B61DF4F86400D0E15F /* DrawView.swift */,
				C94DE2B71DF4F86400D0E15F /* MetalCNNBasicViewController.swift */,
				C94DE2B81DF4F86400D0E15F /* UIViewController+alert.swift */,
				C90BBF4F1DE7D560001F85D7 /* MNISTDeepCNN.h */,
				C90BBF501DE7D560001F85D7 /* MNISTDeepCNN.mm */,
				C90BBF551DE7D561001F85D7 /* Assets.xcassets */,
				C90BBF571DE7D561001F85D7 /* LaunchScreen.storyboard */,
				C94DE2BD1DF4F88600D0E15F /* MetalCNNBasic.storyboard */,
				C90BBF5A1DE7D561001F85D7 /* Info.plist */,
				C94DE2C01DF4FC7000D0E15F /* mnist_TensorFlow-Bridging-Header.h */,
			);
			name = mnist_TensorFlow;
			path = MNIST;
			sourceTree = "<group>";
		};
		C90BBF601DE7D62A001F85D7 /* Frameworks */ = {
			isa = PBXGroup;
			children = (
				C90BBF611DE7D62A001F85D7 /* Accelerate.framework */,
			);
			name = Frameworks;
			sourceTree = "<group>";
		};
/* End PBXGroup section */

/* Begin PBXNativeTarget section */
		C90BBF451DE7D560001F85D7 /* mnist_TensorFlow */ = {
			isa = PBXNativeTarget;
			buildConfigurationList = C90BBF5D1DE7D561001F85D7 /* Build configuration list for PBXNativeTarget "mnist_TensorFlow" */;
			buildPhases = (
				C90BBF421DE7D560001F85D7 /* Sources */,
				C90BBF431DE7D560001F85D7 /* Frameworks */,
				C90BBF441DE7D560001F85D7 /* Resources */,
			);
			buildRules = (
			);
			dependencies = (
			);
			name = mnist_TensorFlow;
			productName = MNIST;
			productReference = C90BBF461DE7D560001F85D7 /* mnist_TensorFlow.app */;
			productType = "com.apple.product-type.application";
		};
/* End PBXNativeTarget section */

/* Begin PBXProject section */
		C90BBF3E1DE7D560001F85D7 /* Project object */ = {
			isa = PBXProject;
			attributes = {
				LastUpgradeCheck = 0810;
				ORGANIZATIONNAME = "Matt Rajca";
				TargetAttributes = {
					C90BBF451DE7D560001F85D7 = {
						CreatedOnToolsVersion = 8.1;
						DevelopmentTeam = 865NZFXY4B;
						LastSwiftMigration = 0810;
						ProvisioningStyle = Automatic;
					};
				};
			};
			buildConfigurationList = C90BBF411DE7D560001F85D7 /* Build configuration list for PBXProject "mnist_TensorFlow" */;
			compatibilityVersion = "Xcode 3.2";
			developmentRegion = English;
			hasScannedForEncodings = 0;
			knownRegions = (
				en,
				Base,
			);
			mainGroup = C90BBF3D1DE7D560001F85D7;
			productRefGroup = C90BBF471DE7D560001F85D7 /* Products */;
			projectDirPath = "";
			projectRoot = "";
			targets = (
				C90BBF451DE7D560001F85D7 /* mnist_TensorFlow */,
			);
		};
/* End PBXProject section */

/* Begin PBXResourcesBuildPhase section */
		C90BBF441DE7D560001F85D7 /* Resources */ = {
			isa = PBXResourcesBuildPhase;
			buildActionMask = 2147483647;
			files = (
				C94DE2BF1DF4F88600D0E15F /* MetalCNNBasic.storyboard in Resources */,
				C90BBF591DE7D561001F85D7 /* LaunchScreen.storyboard in Resources */,
				C923C91D1E03AACF009D4BA8 /* final.pb in Resources */,
				C90BBF561DE7D561001F85D7 /* Assets.xcassets in Resources */,
			);
			runOnlyForDeploymentPostprocessing = 0;
		};
/* End PBXResourcesBuildPhase section */

/* Begin PBXSourcesBuildPhase section */
		C90BBF421DE7D560001F85D7 /* Sources */ = {
			isa = PBXSourcesBuildPhase;
			buildActionMask = 2147483647;
			files = (
				C94DE2B91DF4F86400D0E15F /* AppDelegate.swift in Sources */,
				C94DE2BB1DF4F86500D0E15F /* MetalCNNBasicViewController.swift in Sources */,
				C90BBF511DE7D560001F85D7 /* MNISTDeepCNN.mm in Sources */,
				C94DE2BA1DF4F86500D0E15F /* DrawView.swift in Sources */,
				C94DE2BC1DF4F86500D0E15F /* UIViewController+alert.swift in Sources */,
			);
			runOnlyForDeploymentPostprocessing = 0;
		};
/* End PBXSourcesBuildPhase section */

/* Begin PBXVariantGroup section */
		C90BBF571DE7D561001F85D7 /* LaunchScreen.storyboard */ = {
			isa = PBXVariantGroup;
			children = (
				C90BBF581DE7D561001F85D7 /* Base */,
			);
			name = LaunchScreen.storyboard;
			sourceTree = "<group>";
		};
		C94DE2BD1DF4F88600D0E15F /* MetalCNNBasic.storyboard */ = {
			isa = PBXVariantGroup;
			children = (
				C94DE2BE1DF4F88600D0E15F /* Base */,
			);
			name = MetalCNNBasic.storyboard;
			sourceTree = "<group>";
		};
/* End PBXVariantGroup section */

/* Begin XCBuildConfiguration section */
		C90BBF5B1DE7D561001F85D7 /* Debug */ = {
			isa = XCBuildConfiguration;
			buildSettings = {
				ALWAYS_SEARCH_USER_PATHS = NO;
				CLANG_ANALYZER_NONNULL = YES;
				CLANG_CXX_LANGUAGE_STANDARD = "gnu++0x";
				CLANG_CXX_LIBRARY = "libc++";
				CLANG_ENABLE_MODULES = YES;
				CLANG_ENABLE_OBJC_ARC = YES;
				CLANG_WARN_BOOL_CONVERSION = YES;
				CLANG_WARN_CONSTANT_CONVERSION = YES;
				CLANG_WARN_DIRECT_OBJC_ISA_USAGE = YES_ERROR;
				CLANG_WARN_DOCUMENTATION_COMMENTS = YES;
				CLANG_WARN_EMPTY_BODY = YES;
				CLANG_WARN_ENUM_CONVERSION = YES;
				CLANG_WARN_INFINITE_RECURSION = YES;
				CLANG_WARN_INT_CONVERSION = YES;
				CLANG_WARN_OBJC_ROOT_CLASS = YES_ERROR;
				CLANG_WARN_SUSPICIOUS_MOVES = YES;
				CLANG_WARN_UNREACHABLE_CODE = YES;
				CLANG_WARN__DUPLICATE_METHOD_MATCH = YES;
				"CODE_SIGN_IDENTITY[sdk=iphoneos*]" = "iPhone Developer";
				COPY_PHASE_STRIP = NO;
				DEBUG_INFORMATION_FORMAT = dwarf;
				ENABLE_BITCODE = NO;
				ENABLE_STRICT_OBJC_MSGSEND = YES;
				ENABLE_TESTABILITY = YES;
				GCC_C_LANGUAGE_STANDARD = gnu99;
				GCC_DYNAMIC_NO_PIC = NO;
				GCC_NO_COMMON_BLOCKS = YES;
				GCC_OPTIMIZATION_LEVEL = 0;
				GCC_PREPROCESSOR_DEFINITIONS = (
					"DEBUG=1",
					"$(inherited)",
				);
				GCC_WARN_64_TO_32_BIT_CONVERSION = YES;
				GCC_WARN_ABOUT_RETURN_TYPE = YES_ERROR;
				GCC_WARN_UNDECLARED_SELECTOR = YES;
				GCC_WARN_UNINITIALIZED_AUTOS = YES_AGGRESSIVE;
				GCC_WARN_UNUSED_FUNCTION = YES;
				GCC_WARN_UNUSED_VARIABLE = YES;
				IPHONEOS_DEPLOYMENT_TARGET = 10.1;
				MTL_ENABLE_DEBUG_INFO = YES;
				ONLY_ACTIVE_ARCH = YES;
				SDKROOT = iphoneos;
			};
			name = Debug;
		};
		C90BBF5C1DE7D561001F85D7 /* Release */ = {
			isa = XCBuildConfiguration;
			buildSettings = {
				ALWAYS_SEARCH_USER_PATHS = NO;
				CLANG_ANALYZER_NONNULL = YES;
				CLANG_CXX_LANGUAGE_STANDARD = "gnu++0x";
				CLANG_CXX_LIBRARY = "libc++";
				CLANG_ENABLE_MODULES = YES;
				CLANG_ENABLE_OBJC_ARC = YES;
				CLANG_WARN_BOOL_CONVERSION = YES;
				CLANG_WARN_CONSTANT_CONVERSION = YES;
				CLANG_WARN_DIRECT_OBJC_ISA_USAGE = YES_ERROR;
				CLANG_WARN_DOCUMENTATION_COMMENTS = YES;
				CLANG_WARN_EMPTY_BODY = YES;
				CLANG_WARN_ENUM_CONVERSION = YES;
				CLANG_WARN_INFINITE_RECURSION = YES;
				CLANG_WARN_INT_CONVERSION = YES;
				CLANG_WARN_OBJC_ROOT_CLASS = YES_ERROR;
				CLANG_WARN_SUSPICIOUS_MOVES = YES;
				CLANG_WARN_UNREACHABLE_CODE = YES;
				CLANG_WARN__DUPLICATE_METHOD_MATCH = YES;
				"CODE_SIGN_IDENTITY[sdk=iphoneos*]" = "iPhone Developer";
				COPY_PHASE_STRIP = NO;
				DEBUG_INFORMATION_FORMAT = "dwarf-with-dsym";
				ENABLE_BITCODE = NO;
				ENABLE_NS_ASSERTIONS = NO;
				ENABLE_STRICT_OBJC_MSGSEND = YES;
				GCC_C_LANGUAGE_STANDARD = gnu99;
				GCC_NO_COMMON_BLOCKS = YES;
				GCC_OPTIMIZATION_LEVEL = fast;
				GCC_WARN_64_TO_32_BIT_CONVERSION = YES;
				GCC_WARN_ABOUT_RETURN_TYPE = YES_ERROR;
				GCC_WARN_UNDECLARED_SELECTOR = YES;
				GCC_WARN_UNINITIALIZED_AUTOS = YES_AGGRESSIVE;
				GCC_WARN_UNUSED_FUNCTION = YES;
				GCC_WARN_UNUSED_VARIABLE = YES;
				IPHONEOS_DEPLOYMENT_TARGET = 10.1;
				MTL_ENABLE_DEBUG_INFO = NO;
				SDKROOT = iphoneos;
				VALIDATE_PRODUCT = YES;
			};
			name = Release;
		};
		C90BBF5E1DE7D561001F85D7 /* Debug */ = {
			isa = XCBuildConfiguration;
			buildSettings = {
				ASSETCATALOG_COMPILER_APPICON_NAME = AppIcon;
				CLANG_ENABLE_MODULES = YES;
				DEVELOPMENT_TEAM = 865NZFXY4B;
				HEADER_SEARCH_PATHS = (
					../tensorflow,
					../tensorflow/tensorflow/contrib/makefile/gen/proto,
					../tensorflow/tensorflow/contrib/makefile/downloads,
					../tensorflow/tensorflow/contrib/makefile/downloads/protobuf/src,
					../tensorflow/tensorflow/contrib/makefile/downloads/eigen,
				);
				INFOPLIST_FILE = MNIST/Info.plist;
				LD_RUNPATH_SEARCH_PATHS = "$(inherited) @executable_path/Frameworks";
				LIBRARY_SEARCH_PATHS = (
					../tensorflow/tensorflow/contrib/makefile/gen/lib,
					../tensorflow/tensorflow/contrib/makefile/gen/protobuf_ios/lib,
				);
				OTHER_LDFLAGS = (
					"-ltensorflow-core",
					"-lprotobuf-lite",
					"-lprotobuf",
					"-force_load",
					"../tensorflow/tensorflow/contrib/makefile/gen/lib/libtensorflow-core.a",
				);
				PRODUCT_BUNDLE_IDENTIFIER = "com.mycompany.mnist-TensorFlow";
				PRODUCT_NAME = "$(TARGET_NAME)";
				SWIFT_OBJC_BRIDGING_HEADER = "mnist_TensorFlow-Bridging-Header.h";
				SWIFT_OPTIMIZATION_LEVEL = "-Onone";
				SWIFT_VERSION = 3.0;
			};
			name = Debug;
		};
		C90BBF5F1DE7D561001F85D7 /* Release */ = {
			isa = XCBuildConfiguration;
			buildSettings = {
				ASSETCATALOG_COMPILER_APPICON_NAME = AppIcon;
				CLANG_ENABLE_MODULES = YES;
				DEVELOPMENT_TEAM = 865NZFXY4B;
				HEADER_SEARCH_PATHS = (
					../tensorflow,
					../tensorflow/tensorflow/contrib/makefile/gen/proto,
					../tensorflow/tensorflow/contrib/makefile/downloads,
					../tensorflow/tensorflow/contrib/makefile/downloads/protobuf/src,
					../tensorflow/tensorflow/contrib/makefile/downloads/eigen,
				);
				INFOPLIST_FILE = MNIST/Info.plist;
				LD_RUNPATH_SEARCH_PATHS = "$(inherited) @executable_path/Frameworks";
				LIBRARY_SEARCH_PATHS = (
					../tensorflow/tensorflow/contrib/makefile/gen/lib,
					../tensorflow/tensorflow/contrib/makefile/gen/protobuf_ios/lib,
				);
				OTHER_LDFLAGS = (
					"-ltensorflow-core",
					"-lprotobuf-lite",
					"-lprotobuf",
					"-force_load",
					"../tensorflow/tensorflow/contrib/makefile/gen/lib/libtensorflow-core.a",
				);
				PRODUCT_BUNDLE_IDENTIFIER = "com.mycompany.mnist-TensorFlow";
				PRODUCT_NAME = "$(TARGET_NAME)";
				SWIFT_OBJC_BRIDGING_HEADER = "mnist_TensorFlow-Bridging-Header.h";
				SWIFT_VERSION = 3.0;
			};
			name = Release;
		};
/* End XCBuildConfiguration section */

/* Begin XCConfigurationList section */
		C90BBF411DE7D560001F85D7 /* Build configuration list for PBXProject "mnist_TensorFlow" */ = {
			isa = XCConfigurationList;
			buildConfigurations = (
				C90BBF5B1DE7D561001F85D7 /* Debug */,
				C90BBF5C1DE7D561001F85D7 /* Release */,
			);
			defaultConfigurationIsVisible = 0;
			defaultConfigurationName = Release;
		};
		C90BBF5D1DE7D561001F85D7 /* Build configuration list for PBXNativeTarget "mnist_TensorFlow" */ = {
			isa = XCConfigurationList;
			buildConfigurations = (
				C90BBF5E1DE7D561001F85D7 /* Debug */,
				C90BBF5F1DE7D561001F85D7 /* Release */,
			);
			defaultConfigurationIsVisible = 0;
			defaultConfigurationName = Release;
		};
/* End XCConfigurationList section */
	};
	rootObject = C90BBF3E1DE7D560001F85D7 /* Project object */;
}
